
Microsoft Visual Studio Solution File, Format Version 12.00
# Visual Studio Version 16
VisualStudioVersion = 16.0.30717.126
MinimumVisualStudioVersion = 10.0.40219.1
Project("{FAE04EC0-301F-11D3-BF4B-00C04F79EFBC}") = "PM_Assignment", "PM_Assignment.csproj", "{F84F3DE1-EF7D-445C-8162-AE6A03397D00}"
EndProject
Project("{FAE04EC0-301F-11D3-BF4B-00C04F79EFBC}") = "PM_Ass_testing", "..\PM_Ass_testing\PM_Ass_testing.csproj", "{8749E85E-1DEB-4F47-B92E-90508B03346D}"
EndProject
Global
	GlobalSection(SolutionConfigurationPlatforms) = preSolution
		Debug|Any CPU = Debug|Any CPU
		Release|Any CPU = Release|Any CPU
	EndGlobalSection
	GlobalSection(ProjectConfigurationPlatforms) = postSolution
		{F84F3DE1-EF7D-445C-8162-AE6A03397D00}.Debug|Any CPU.ActiveCfg = Debug|Any CPU
		{F84F3DE1-EF7D-445C-8162-AE6A03397D00}.Debug|Any CPU.Build.0 = Debug|Any CPU
		{F84F3DE1-EF7D-445C-8162-AE6A03397D00}.Release|Any CPU.ActiveCfg = Release|Any CPU
		{F84F3DE1-EF7D-445C-8162-AE6A03397D00}.Release|Any CPU.Build.0 = Release|Any CPU
		{8749E85E-1DEB-4F47-B92E-90508B03346D}.Debug|Any CPU.ActiveCfg = Debug|Any CPU
		{8749E85E-1DEB-4F47-B92E-90508B03346D}.Debug|Any CPU.Build.0 = Debug|Any CPU
		{8749E85E-1DEB-4F47-B92E-90508B03346D}.Release|Any CPU.ActiveCfg = Release|Any CPU
		{8749E85E-1DEB-4F47-B92E-90508B03346D}.Release|Any CPU.Build.0 = Release|Any CPU
	EndGlobalSection
	GlobalSection(SolutionProperties) = preSolution
		HideSolutionNode = FALSE
	EndGlobalSection
	GlobalSection(ExtensibilityGlobals) = postSolution
		SolutionGuid = {EC0CC307-0CA5-4C0D-B9EC-624EC339C715}
	EndGlobalSection
EndGlobal
